
Microsoft Visual Studio Solution File, Format Version 12.00
# Visual Studio Version 17
VisualStudioVersion = 17.7.34031.279
MinimumVisualStudioVersion = 10.0.40219.1
Project("{FAE04EC0-301F-11D3-BF4B-00C04F79EFBC}") = "FrdvTool", "FrdvTool\FrdvTool.csproj", "{EDB50922-5ACD-43D4-8BD3-EEB9D6000B08}"
EndProject
Global
	GlobalSection(SolutionConfigurationPlatforms) = preSolution
		Debug|Any CPU = Debug|Any CPU
		Release|Any CPU = Release|Any CPU
	EndGlobalSection
	GlobalSection(ProjectConfigurationPlatforms) = postSolution
		{EDB50922-5ACD-43D4-8BD3-EEB9D6000B08}.Debug|Any CPU.ActiveCfg = Debug|Any CPU
		{EDB50922-5ACD-43D4-8BD3-EEB9D6000B08}.Debug|Any CPU.Build.0 = Debug|Any CPU
		{EDB50922-5ACD-43D4-8BD3-EEB9D6000B08}.Release|Any CPU.ActiveCfg = Release|Any CPU
		{EDB50922-5ACD-43D4-8BD3-EEB9D6000B08}.Release|Any CPU.Build.0 = Release|Any CPU
	EndGlobalSection
	GlobalSection(SolutionProperties) = preSolution
		HideSolutionNode = FALSE
	EndGlobalSection
	GlobalSection(ExtensibilityGlobals) = postSolution
		SolutionGuid = {2CA74297-C8A1-47AB-A421-7E3F5D010E9E}
	EndGlobalSection
EndGlobal
